
Microsoft Visual Studio Solution File, Format Version 12.00
# Visual Studio 15
VisualStudioVersion = 15.0.27729.1
MinimumVisualStudioVersion = 10.0.40219.1
Project("{FAE04EC0-301F-11D3-BF4B-00C04F79EFBC}") = "SecretSquirrel", "SecretSquirrel\SecretSquirrel.csproj", "{773A5B19-4FF4-4538-BCBE-28C4A3A65887}"
EndProject
Global
	GlobalSection(SolutionConfigurationPlatforms) = preSolution
		Debug|Any CPU = Debug|Any CPU
		Release|Any CPU = Release|Any CPU
	EndGlobalSection
	GlobalSection(ProjectConfigurationPlatforms) = postSolution
		{773A5B19-4FF4-4538-BCBE-28C4A3A65887}.Debug|Any CPU.ActiveCfg = Debug|Any CPU
		{773A5B19-4FF4-4538-BCBE-28C4A3A65887}.Debug|Any CPU.Build.0 = Debug|Any CPU
		{773A5B19-4FF4-4538-BCBE-28C4A3A65887}.Release|Any CPU.ActiveCfg = Release|Any CPU
		{773A5B19-4FF4-4538-BCBE-28C4A3A65887}.Release|Any CPU.Build.0 = Release|Any CPU
	EndGlobalSection
	GlobalSection(SolutionProperties) = preSolution
		HideSolutionNode = FALSE
	EndGlobalSection
	GlobalSection(ExtensibilityGlobals) = postSolution
		SolutionGuid = {3235F2E5-4CC3-450D-80B2-435E5137D014}
	EndGlobalSection
EndGlobal
